{
  "pins" : [
    {
      "identity" : "skip",
      "kind" : "remoteSourceControl",
      "location" : "https://source.skip.tools/skip.git",
      "state" : {
        "revision" : "36e703630b72b6b9677ba1e2e5cbf347bb33dec2",
        "version" : "0.7.13"
      }
    },
    {
      "identity" : "skip-foundation",
      "kind" : "remoteSourceControl",
      "location" : "https://source.skip.tools/skip-foundation.git",
      "state" : {
        "revision" : "b363225f97d2c2bb32d5e5db7d39916a37a1fa74",
        "version" : "0.3.0"
      }
    },
    {
      "identity" : "skip-lib",
      "kind" : "remoteSourceControl",
      "location" : "https://source.skip.tools/skip-lib.git",
      "state" : {
        "revision" : "34599bd5798700f7248ef523bbc0f212f9b56429",
        "version" : "0.5.0"
      }
    },
    {
      "identity" : "skip-unit",
      "kind" : "remoteSourceControl",
      "location" : "https://source.skip.tools/skip-unit.git",
      "state" : {
        "revision" : "69f4c646f1bc4796ee7a8fe758427f544858d34a",
        "version" : "0.4.3"
      }
    }
  ],
  "version" : 2
}
